
Microsoft Visual Studio Solution File, Format Version 12.00
# Visual Studio Version 17
VisualStudioVersion = 17.9.34607.119
MinimumVisualStudioVersion = 10.0.40219.1
Project("{FAE04EC0-301F-11D3-BF4B-00C04F79EFBC}") = "Task_1", "Task_1\Task_1.csproj", "{CE7DE1D1-8E5D-4BAA-9DEE-07D741CEBD4A}"
EndProject
Project("{FAE04EC0-301F-11D3-BF4B-00C04F79EFBC}") = "Task_2", "Task_2\Task_2.csproj", "{176A301C-639C-45FF-8211-F596A7569F02}"
EndProject
Project("{FAE04EC0-301F-11D3-BF4B-00C04F79EFBC}") = "Task_3", "Task_3\Task_3.csproj", "{AB5BDEA1-88D7-402C-BEF2-4DB532F5783C}"
EndProject
Project("{FAE04EC0-301F-11D3-BF4B-00C04F79EFBC}") = "Task_4", "Task_4\Task_4.csproj", "{27428D3F-FFDA-4841-A258-9A5A1C16764B}"
EndProject
Project("{FAE04EC0-301F-11D3-BF4B-00C04F79EFBC}") = "Task_5", "Task_5\Task_5.csproj", "{A1174655-BD05-423F-89E1-82F3CC0D1878}"
EndProject
Global
	GlobalSection(SolutionConfigurationPlatforms) = preSolution
		Debug|Any CPU = Debug|Any CPU
		Release|Any CPU = Release|Any CPU
	EndGlobalSection
	GlobalSection(ProjectConfigurationPlatforms) = postSolution
		{CE7DE1D1-8E5D-4BAA-9DEE-07D741CEBD4A}.Debug|Any CPU.ActiveCfg = Debug|Any CPU
		{CE7DE1D1-8E5D-4BAA-9DEE-07D741CEBD4A}.Debug|Any CPU.Build.0 = Debug|Any CPU
		{CE7DE1D1-8E5D-4BAA-9DEE-07D741CEBD4A}.Release|Any CPU.ActiveCfg = Release|Any CPU
		{CE7DE1D1-8E5D-4BAA-9DEE-07D741CEBD4A}.Release|Any CPU.Build.0 = Release|Any CPU
		{176A301C-639C-45FF-8211-F596A7569F02}.Debug|Any CPU.ActiveCfg = Debug|Any CPU
		{176A301C-639C-45FF-8211-F596A7569F02}.Debug|Any CPU.Build.0 = Debug|Any CPU
		{176A301C-639C-45FF-8211-F596A7569F02}.Release|Any CPU.ActiveCfg = Release|Any CPU
		{176A301C-639C-45FF-8211-F596A7569F02}.Release|Any CPU.Build.0 = Release|Any CPU
		{AB5BDEA1-88D7-402C-BEF2-4DB532F5783C}.Debug|Any CPU.ActiveCfg = Debug|Any CPU
		{AB5BDEA1-88D7-402C-BEF2-4DB532F5783C}.Debug|Any CPU.Build.0 = Debug|Any CPU
		{AB5BDEA1-88D7-402C-BEF2-4DB532F5783C}.Release|Any CPU.ActiveCfg = Release|Any CPU
		{AB5BDEA1-88D7-402C-BEF2-4DB532F5783C}.Release|Any CPU.Build.0 = Release|Any CPU
		{27428D3F-FFDA-4841-A258-9A5A1C16764B}.Debug|Any CPU.ActiveCfg = Debug|Any CPU
		{27428D3F-FFDA-4841-A258-9A5A1C16764B}.Debug|Any CPU.Build.0 = Debug|Any CPU
		{27428D3F-FFDA-4841-A258-9A5A1C16764B}.Release|Any CPU.ActiveCfg = Release|Any CPU
		{27428D3F-FFDA-4841-A258-9A5A1C16764B}.Release|Any CPU.Build.0 = Release|Any CPU
		{A1174655-BD05-423F-89E1-82F3CC0D1878}.Debug|Any CPU.ActiveCfg = Debug|Any CPU
		{A1174655-BD05-423F-89E1-82F3CC0D1878}.Debug|Any CPU.Build.0 = Debug|Any CPU
		{A1174655-BD05-423F-89E1-82F3CC0D1878}.Release|Any CPU.ActiveCfg = Release|Any CPU
		{A1174655-BD05-423F-89E1-82F3CC0D1878}.Release|Any CPU.Build.0 = Release|Any CPU
	EndGlobalSection
	GlobalSection(SolutionProperties) = preSolution
		HideSolutionNode = FALSE
	EndGlobalSection
	GlobalSection(ExtensibilityGlobals) = postSolution
		SolutionGuid = {C543DCFA-520C-4B16-B683-F1AC1FF73C89}
	EndGlobalSection
EndGlobal
